{
  "name": "js-editor",
  "lockfileVersion": 2,
  "requires": true,
  "packages": {
    "": {
      "dependencies": {
        "suneditor": "^2.44.3"
      }
    },
    "node_modules/suneditor": {
      "version": "2.44.3",
      "resolved": "https://registry.npmjs.org/suneditor/-/suneditor-2.44.3.tgz",
      "integrity": "sha512-B25DrbAxcwkvAANNm2EClugBCxATCa3SvV03SpyaMJybKj4bzQnS1iq6Wo3h+v970tNSnjfeoT3ID3Nj0NuiBA=="
    }
  },
  "dependencies": {
    "suneditor": {
      "version": "2.44.3",
      "resolved": "https://registry.npmjs.org/suneditor/-/suneditor-2.44.3.tgz",
      "integrity": "sha512-B25DrbAxcwkvAANNm2EClugBCxATCa3SvV03SpyaMJybKj4bzQnS1iq6Wo3h+v970tNSnjfeoT3ID3Nj0NuiBA=="
    }
  }
}
